
Microsoft Visual Studio Solution File, Format Version 12.00
# Visual Studio 14
VisualStudioVersion = 14.0.25123.0
MinimumVisualStudioVersion = 10.0.40219.1
Project("{FAE04EC0-301F-11D3-BF4B-00C04F79EFBC}") = "Gibberish", "Gibberish\Gibberish.csproj", "{706A822C-C45E-4B09-BCAE-34A71DED812D}"
EndProject
Project("{FAE04EC0-301F-11D3-BF4B-00C04F79EFBC}") = "Gibberish.Tests", "Gibberish.Tests\Gibberish.Tests.csproj", "{9F4E7D7A-4155-4B01-8FD3-9156E7FF1FDA}"
EndProject
Project("{2150E333-8FDC-42A3-9474-1A3956D46DE8}") = "acceptance tests", "acceptance tests", "{6470C4D9-7692-4599-AECA-FFE5F82802E1}"
	ProjectSection(SolutionItems) = preProject
		..\Fools.spec\compile_fragments\define_thunk.assertions.fool = ..\Fools.spec\compile_fragments\define_thunk.assertions.fool
		..\Fools.spec\compile_fragments\define_thunk.fool = ..\Fools.spec\compile_fragments\define_thunk.fool
	EndProjectSection
EndProject
Project("{2150E333-8FDC-42A3-9474-1A3956D46DE8}") = "documentation", "documentation", "{67466D4F-B0CA-4FDB-8B18-58192319671A}"
	ProjectSection(SolutionItems) = preProject
		..\..\README.md = ..\..\README.md
	EndProjectSection
EndProject
Project("{2150E333-8FDC-42A3-9474-1A3956D46DE8}") = "spec", "spec", "{C1A47AD0-5A59-425C-9C46-EB864889E33D}"
	ProjectSection(SolutionItems) = preProject
		..\Fools.spec\README.md = ..\Fools.spec\README.md
	EndProjectSection
EndProject
Project("{FAE04EC0-301F-11D3-BF4B-00C04F79EFBC}") = "World", "World\World.csproj", "{F36927AC-B09F-472E-8C6D-775BA48007E9}"
EndProject
Project("{FAE04EC0-301F-11D3-BF4B-00C04F79EFBC}") = "Platform", "Platform\Platform.csproj", "{69C2530F-7C74-42D9-B4AD-4BEFA2941963}"
EndProject
Project("{FAE04EC0-301F-11D3-BF4B-00C04F79EFBC}") = "Lair", "Lair\Lair.csproj", "{176413E3-D448-44E1-B39C-2C27B18E89E5}"
EndProject
Project("{FAE04EC0-301F-11D3-BF4B-00C04F79EFBC}") = "Lair.Tests", "Lair.Tests\Lair.Tests.csproj", "{9627C57A-173D-49C2-83B6-E4DCC751AFD7}"
EndProject
Global
	GlobalSection(SolutionConfigurationPlatforms) = preSolution
		Debug|Any CPU = Debug|Any CPU
		Release|Any CPU = Release|Any CPU
	EndGlobalSection
	GlobalSection(ProjectConfigurationPlatforms) = postSolution
		{706A822C-C45E-4B09-BCAE-34A71DED812D}.Debug|Any CPU.ActiveCfg = Debug|Any CPU
		{706A822C-C45E-4B09-BCAE-34A71DED812D}.Debug|Any CPU.Build.0 = Debug|Any CPU
		{706A822C-C45E-4B09-BCAE-34A71DED812D}.Release|Any CPU.ActiveCfg = Release|Any CPU
		{706A822C-C45E-4B09-BCAE-34A71DED812D}.Release|Any CPU.Build.0 = Release|Any CPU
		{9F4E7D7A-4155-4B01-8FD3-9156E7FF1FDA}.Debug|Any CPU.ActiveCfg = Debug|Any CPU
		{9F4E7D7A-4155-4B01-8FD3-9156E7FF1FDA}.Debug|Any CPU.Build.0 = Debug|Any CPU
		{9F4E7D7A-4155-4B01-8FD3-9156E7FF1FDA}.Release|Any CPU.ActiveCfg = Release|Any CPU
		{9F4E7D7A-4155-4B01-8FD3-9156E7FF1FDA}.Release|Any CPU.Build.0 = Release|Any CPU
		{F36927AC-B09F-472E-8C6D-775BA48007E9}.Debug|Any CPU.ActiveCfg = Debug|Any CPU
		{F36927AC-B09F-472E-8C6D-775BA48007E9}.Debug|Any CPU.Build.0 = Debug|Any CPU
		{F36927AC-B09F-472E-8C6D-775BA48007E9}.Release|Any CPU.ActiveCfg = Release|Any CPU
		{F36927AC-B09F-472E-8C6D-775BA48007E9}.Release|Any CPU.Build.0 = Release|Any CPU
		{69C2530F-7C74-42D9-B4AD-4BEFA2941963}.Debug|Any CPU.ActiveCfg = Debug|Any CPU
		{69C2530F-7C74-42D9-B4AD-4BEFA2941963}.Debug|Any CPU.Build.0 = Debug|Any CPU
		{69C2530F-7C74-42D9-B4AD-4BEFA2941963}.Release|Any CPU.ActiveCfg = Release|Any CPU
		{69C2530F-7C74-42D9-B4AD-4BEFA2941963}.Release|Any CPU.Build.0 = Release|Any CPU
		{176413E3-D448-44E1-B39C-2C27B18E89E5}.Debug|Any CPU.ActiveCfg = Debug|Any CPU
		{176413E3-D448-44E1-B39C-2C27B18E89E5}.Debug|Any CPU.Build.0 = Debug|Any CPU
		{176413E3-D448-44E1-B39C-2C27B18E89E5}.Release|Any CPU.ActiveCfg = Release|Any CPU
		{176413E3-D448-44E1-B39C-2C27B18E89E5}.Release|Any CPU.Build.0 = Release|Any CPU
		{9627C57A-173D-49C2-83B6-E4DCC751AFD7}.Debug|Any CPU.ActiveCfg = Debug|Any CPU
		{9627C57A-173D-49C2-83B6-E4DCC751AFD7}.Debug|Any CPU.Build.0 = Debug|Any CPU
		{9627C57A-173D-49C2-83B6-E4DCC751AFD7}.Release|Any CPU.ActiveCfg = Release|Any CPU
		{9627C57A-173D-49C2-83B6-E4DCC751AFD7}.Release|Any CPU.Build.0 = Release|Any CPU
	EndGlobalSection
	GlobalSection(SolutionProperties) = preSolution
		HideSolutionNode = FALSE
	EndGlobalSection
	GlobalSection(NestedProjects) = preSolution
		{C1A47AD0-5A59-425C-9C46-EB864889E33D} = {67466D4F-B0CA-4FDB-8B18-58192319671A}
	EndGlobalSection
EndGlobal
